
Microsoft Visual Studio Solution File, Format Version 12.00
# Visual Studio 14
VisualStudioVersion = 14.0.23107.0
MinimumVisualStudioVersion = 10.0.40219.1
Project("{FAE04EC0-301F-11D3-BF4B-00C04F79EFBC}") = "SeeGitApp", "SeeGitApp\SeeGitApp.csproj", "{455C90CF-CB4E-41FB-8DB8-04AD1B104F64}"
EndProject
Project("{FAE04EC0-301F-11D3-BF4B-00C04F79EFBC}") = "UnitTests", "UnitTests\UnitTests.csproj", "{AC22554C-AC27-42A3-91FA-16D49BBC0A4D}"
EndProject
Project("{2150E333-8FDC-42A3-9474-1A3956D46DE8}") = "build", "build", "{30A1F7B9-A8E7-413C-AD94-980DE7BA92AF}"
	ProjectSection(SolutionItems) = preProject
		.gitattributes = .gitattributes
		.gitignore = .gitignore
		Build-Solution.ps1 = Build-Solution.ps1
		build.cmd = build.cmd
	EndProjectSection
EndProject
Project("{2150E333-8FDC-42A3-9474-1A3956D46DE8}") = "meta", "meta", "{AFD7584D-CF3B-4171-BE21-6A1F8B98EA8D}"
	ProjectSection(SolutionItems) = preProject
		CONTRIBUTING.md = CONTRIBUTING.md
		LICENSE.txt = LICENSE.txt
		README.md = README.md
	EndProjectSection
EndProject
Global
	GlobalSection(SolutionConfigurationPlatforms) = preSolution
		Debug|Any CPU = Debug|Any CPU
		Release|Any CPU = Release|Any CPU
	EndGlobalSection
	GlobalSection(ProjectConfigurationPlatforms) = postSolution
		{455C90CF-CB4E-41FB-8DB8-04AD1B104F64}.Debug|Any CPU.ActiveCfg = Debug|Any CPU
		{455C90CF-CB4E-41FB-8DB8-04AD1B104F64}.Debug|Any CPU.Build.0 = Debug|Any CPU
		{455C90CF-CB4E-41FB-8DB8-04AD1B104F64}.Release|Any CPU.ActiveCfg = Release|Any CPU
		{455C90CF-CB4E-41FB-8DB8-04AD1B104F64}.Release|Any CPU.Build.0 = Release|Any CPU
		{AC22554C-AC27-42A3-91FA-16D49BBC0A4D}.Debug|Any CPU.ActiveCfg = Debug|Any CPU
		{AC22554C-AC27-42A3-91FA-16D49BBC0A4D}.Debug|Any CPU.Build.0 = Debug|Any CPU
		{AC22554C-AC27-42A3-91FA-16D49BBC0A4D}.Release|Any CPU.ActiveCfg = Release|Any CPU
		{AC22554C-AC27-42A3-91FA-16D49BBC0A4D}.Release|Any CPU.Build.0 = Release|Any CPU
	EndGlobalSection
	GlobalSection(SolutionProperties) = preSolution
		HideSolutionNode = FALSE
	EndGlobalSection
EndGlobal
